// !$*UTF8*$!
{
	archiveVersion = 1;
	classes = {
	};
	objectVersion = 46;
	objects = {

/* Begin PBXBuildFile section */
		745C2B8D6429406091C897BB /* libPods-ManifestTests.a in Frameworks */ = {isa = PBXBuildFile; fileRef = 05B08DA3CF7546009324F2B4 /* libPods-ManifestTests.a */; };
		9B079623189A57E40026D489 /* RWSNewItemViewController.m in Sources */ = {isa = PBXBuildFile; fileRef = 9B079622189A57E40026D489 /* RWSNewItemViewController.m */; };
		9B079628189A59B20026D489 /* _RWSManagedItem.m in Sources */ = {isa = PBXBuildFile; fileRef = 9B079625189A59B20026D489 /* _RWSManagedItem.m */; };
		9B079629189A59B20026D489 /* RWSManagedItem.m in Sources */ = {isa = PBXBuildFile; fileRef = 9B079627189A59B20026D489 /* RWSManagedItem.m */; };
		9B07962B189A86600026D489 /* RWSNewItemViewControllerTests.m in Sources */ = {isa = PBXBuildFile; fileRef = 9B07962A189A86600026D489 /* RWSNewItemViewControllerTests.m */; };
		9B07962E189A892F0026D489 /* RWSItemParser.m in Sources */ = {isa = PBXBuildFile; fileRef = 9B07962D189A892F0026D489 /* RWSItemParser.m */; };
		9B079630189A8D2B0026D489 /* RWSItemParserTests.m in Sources */ = {isa = PBXBuildFile; fileRef = 9B07962F189A8D2B0026D489 /* RWSItemParserTests.m */; };
		9B079633189A90020026D489 /* NSLocale+RWSCurrency.m in Sources */ = {isa = PBXBuildFile; fileRef = 9B079632189A90020026D489 /* NSLocale+RWSCurrency.m */; };
		9B079636189A914B0026D489 /* RWSPriceFormatter.m in Sources */ = {isa = PBXBuildFile; fileRef = 9B079635189A914B0026D489 /* RWSPriceFormatter.m */; };
		9B079638189A9FDB0026D489 /* RWSPriceFormatterTests.m in Sources */ = {isa = PBXBuildFile; fileRef = 9B079637189A9FDB0026D489 /* RWSPriceFormatterTests.m */; };
		9B0DECD018970290007C80A6 /* RWSManagedProjectTests.m in Sources */ = {isa = PBXBuildFile; fileRef = 9B0DECCF18970290007C80A6 /* RWSManagedProjectTests.m */; };
		9B0DECD31897096B007C80A6 /* RWSProjectViewController.m in Sources */ = {isa = PBXBuildFile; fileRef = 9B0DECD21897096B007C80A6 /* RWSProjectViewController.m */; };
		9B466C4418A38503008AE3FF /* CurrencyToolbar.xib in Resources */ = {isa = PBXBuildFile; fileRef = 9B466C4318A38503008AE3FF /* CurrencyToolbar.xib */; };
		9B466C4618A385F1008AE3FF /* RWSPriceInputManagerTests.m in Sources */ = {isa = PBXBuildFile; fileRef = 9B466C4518A385F1008AE3FF /* RWSPriceInputManagerTests.m */; };
		9B466C4918A385FE008AE3FF /* RWSPriceInputManager.m in Sources */ = {isa = PBXBuildFile; fileRef = 9B466C4818A385FE008AE3FF /* RWSPriceInputManager.m */; };
		9B5579DE18968370008E3C0A /* RWSProjectsSource.m in Sources */ = {isa = PBXBuildFile; fileRef = 9B5579DD18968370008E3C0A /* RWSProjectsSource.m */; };
		9B5579E218969361008E3C0A /* RWSProjectCell.m in Sources */ = {isa = PBXBuildFile; fileRef = 9B5579E118969361008E3C0A /* RWSProjectCell.m */; };
		9B5579E41896977F008E3C0A /* RWSProjectSourceTests.m in Sources */ = {isa = PBXBuildFile; fileRef = 9B5579E31896977F008E3C0A /* RWSProjectSourceTests.m */; };
		9B5579E71896989D008E3C0A /* RWSCoreDataController.m in Sources */ = {isa = PBXBuildFile; fileRef = 9B5579E61896989D008E3C0A /* RWSCoreDataController.m */; };
		9B5579E9189698BC008E3C0A /* RWSCoreDataControllerTests.m in Sources */ = {isa = PBXBuildFile; fileRef = 9B5579E8189698BC008E3C0A /* RWSCoreDataControllerTests.m */; };
		9B5579EB18969918008E3C0A /* CoreData.framework in Frameworks */ = {isa = PBXBuildFile; fileRef = 9B5579EA18969918008E3C0A /* CoreData.framework */; };
		9B5579EE189699BA008E3C0A /* Model.xcdatamodeld in Sources */ = {isa = PBXBuildFile; fileRef = 9B5579EC189699BA008E3C0A /* Model.xcdatamodeld */; };
		9B59DC811895AA27000530EF /* Storyboard.storyboard in Resources */ = {isa = PBXBuildFile; fileRef = 9B59DC801895AA27000530EF /* Storyboard.storyboard */; };
		9B59DC831895D1C6000530EF /* MapKit.framework in Frameworks */ = {isa = PBXBuildFile; fileRef = 9B59DC821895D1C6000530EF /* MapKit.framework */; };
		9B59DC861895D6BF000530EF /* RWSMapViewController.m in Sources */ = {isa = PBXBuildFile; fileRef = 9B59DC851895D6BF000530EF /* RWSMapViewController.m */; };
		9B7A6787189FABBE001E6629 /* RWSMapViewControllerTests.m in Sources */ = {isa = PBXBuildFile; fileRef = 9B7A6786189FABBE001E6629 /* RWSMapViewControllerTests.m */; };
		9B7A678A189FB131001E6629 /* RWSDumbItem.m in Sources */ = {isa = PBXBuildFile; fileRef = 9B7A6789189FB131001E6629 /* RWSDumbItem.m */; };
		9B88C855189CFA7400941A99 /* RWSLocationManager.m in Sources */ = {isa = PBXBuildFile; fileRef = 9B88C854189CFA7400941A99 /* RWSLocationManager.m */; };
		9B88C857189D02A500941A99 /* RWSLocationManagerTests.m in Sources */ = {isa = PBXBuildFile; fileRef = 9B88C856189D02A500941A99 /* RWSLocationManagerTests.m */; };
		9BD6B1481895A1CC006E02D0 /* Foundation.framework in Frameworks */ = {isa = PBXBuildFile; fileRef = 9BD6B1471895A1CC006E02D0 /* Foundation.framework */; };
		9BD6B14A1895A1CC006E02D0 /* CoreGraphics.framework in Frameworks */ = {isa = PBXBuildFile; fileRef = 9BD6B1491895A1CC006E02D0 /* CoreGraphics.framework */; };
		9BD6B14C1895A1CC006E02D0 /* UIKit.framework in Frameworks */ = {isa = PBXBuildFile; fileRef = 9BD6B14B1895A1CC006E02D0 /* UIKit.framework */; };
		9BD6B1521895A1CC006E02D0 /* InfoPlist.strings in Resources */ = {isa = PBXBuildFile; fileRef = 9BD6B1501895A1CC006E02D0 /* InfoPlist.strings */; };
		9BD6B1541895A1CC006E02D0 /* main.m in Sources */ = {isa = PBXBuildFile; fileRef = 9BD6B1531895A1CC006E02D0 /* main.m */; };
		9BD6B1581895A1CC006E02D0 /* RWSAppDelegate.m in Sources */ = {isa = PBXBuildFile; fileRef = 9BD6B1571895A1CC006E02D0 /* RWSAppDelegate.m */; };
		9BD6B15A1895A1CC006E02D0 /* Images.xcassets in Resources */ = {isa = PBXBuildFile; fileRef = 9BD6B1591895A1CC006E02D0 /* Images.xcassets */; };
		9BD6B1611895A1CC006E02D0 /* XCTest.framework in Frameworks */ = {isa = PBXBuildFile; fileRef = 9BD6B1601895A1CC006E02D0 /* XCTest.framework */; };
		9BD6B1621895A1CC006E02D0 /* Foundation.framework in Frameworks */ = {isa = PBXBuildFile; fileRef = 9BD6B1471895A1CC006E02D0 /* Foundation.framework */; };
		9BD6B1631895A1CC006E02D0 /* UIKit.framework in Frameworks */ = {isa = PBXBuildFile; fileRef = 9BD6B14B1895A1CC006E02D0 /* UIKit.framework */; };
		9BD6B16B1895A1CC006E02D0 /* InfoPlist.strings in Resources */ = {isa = PBXBuildFile; fileRef = 9BD6B1691895A1CC006E02D0 /* InfoPlist.strings */; };
		9BD6B1771895A3A1006E02D0 /* RWSProjectsViewControllerTests.m in Sources */ = {isa = PBXBuildFile; fileRef = 9BD6B1761895A3A1006E02D0 /* RWSProjectsViewControllerTests.m */; };
		9BD6B17A1895A4C4006E02D0 /* RWSProjectsViewController.m in Sources */ = {isa = PBXBuildFile; fileRef = 9BD6B1791895A4C4006E02D0 /* RWSProjectsViewController.m */; };
		9BDECA4A18A64BE500CE7C3C /* RWSItemCell.m in Sources */ = {isa = PBXBuildFile; fileRef = 9BDECA4918A64BE500CE7C3C /* RWSItemCell.m */; };
		9BDECA4C18A6990900CE7C3C /* RWSReverseItemParserTests.m in Sources */ = {isa = PBXBuildFile; fileRef = 9BDECA4B18A6990900CE7C3C /* RWSReverseItemParserTests.m */; };
		9BDECA4F18A6994100CE7C3C /* RWSReverseItemParser.m in Sources */ = {isa = PBXBuildFile; fileRef = 9BDECA4E18A6994100CE7C3C /* RWSReverseItemParser.m */; };
		9BDED6011897CB0E006E8E5C /* RWSProjectViewControllerTests.m in Sources */ = {isa = PBXBuildFile; fileRef = 9BDED6001897CB0E006E8E5C /* RWSProjectViewControllerTests.m */; };
		9BDED6061897D175006E8E5C /* _RWSManagedProject.m in Sources */ = {isa = PBXBuildFile; fileRef = 9BDED6031897D175006E8E5C /* _RWSManagedProject.m */; };
		9BDED6071897D175006E8E5C /* RWSManagedProject.m in Sources */ = {isa = PBXBuildFile; fileRef = 9BDED6051897D175006E8E5C /* RWSManagedProject.m */; };
		D0C0F52035EA4BE2B4BFC928 /* libPods-Manifest.a in Frameworks */ = {isa = PBXBuildFile; fileRef = 0FD53355709849A0876261FA /* libPods-Manifest.a */; };
/* End PBXBuildFile section */

/* Begin PBXContainerItemProxy section */
		9BD6B1641895A1CC006E02D0 /* PBXContainerItemProxy */ = {
			isa = PBXContainerItemProxy;
			containerPortal = 9BD6B13C1895A1CC006E02D0 /* Project object */;
			proxyType = 1;
			remoteGlobalIDString = 9BD6B1431895A1CC006E02D0;
			remoteInfo = Manifest;
		};
/* End PBXContainerItemProxy section */

/* Begin PBXFileReference section */
		05B08DA3CF7546009324F2B4 /* libPods-ManifestTests.a */ = {isa = PBXFileReference; explicitFileType = archive.ar; includeInIndex = 0; path = "libPods-ManifestTests.a"; sourceTree = BUILT_PRODUCTS_DIR; };
		0FD53355709849A0876261FA /* libPods-Manifest.a */ = {isa = PBXFileReference; explicitFileType = archive.ar; includeInIndex = 0; path = "libPods-Manifest.a"; sourceTree = BUILT_PRODUCTS_DIR; };
		6409BA987A694FB984033F6F /* Pods-Manifest.xcconfig */ = {isa = PBXFileReference; includeInIndex = 1; lastKnownFileType = text.xcconfig; name = "Pods-Manifest.xcconfig"; path = "Pods/Pods-Manifest.xcconfig"; sourceTree = "<group>"; };
		9B079621189A57E40026D489 /* RWSNewItemViewController.h */ = {isa = PBXFileReference; fileEncoding = 4; lastKnownFileType = sourcecode.c.h; path = RWSNewItemViewController.h; sourceTree = "<group>"; };
		9B079622189A57E40026D489 /* RWSNewItemViewController.m */ = {isa = PBXFileReference; fileEncoding = 4; lastKnownFileType = sourcecode.c.objc; path = RWSNewItemViewController.m; sourceTree = "<group>"; };
		9B079624189A59B20026D489 /* _RWSManagedItem.h */ = {isa = PBXFileReference; fileEncoding = 4; lastKnownFileType = sourcecode.c.h; path = _RWSManagedItem.h; sourceTree = "<group>"; };
		9B079625189A59B20026D489 /* _RWSManagedItem.m */ = {isa = PBXFileReference; fileEncoding = 4; lastKnownFileType = sourcecode.c.objc; path = _RWSManagedItem.m; sourceTree = "<group>"; };
		9B079626189A59B20026D489 /* RWSManagedItem.h */ = {isa = PBXFileReference; fileEncoding = 4; lastKnownFileType = sourcecode.c.h; path = RWSManagedItem.h; sourceTree = "<group>"; };
		9B079627189A59B20026D489 /* RWSManagedItem.m */ = {isa = PBXFileReference; fileEncoding = 4; lastKnownFileType = sourcecode.c.objc; path = RWSManagedItem.m; sourceTree = "<group>"; };
		9B07962A189A86600026D489 /* RWSNewItemViewControllerTests.m */ = {isa = PBXFileReference; fileEncoding = 4; lastKnownFileType = sourcecode.c.objc; path = RWSNewItemViewControllerTests.m; sourceTree = "<group>"; };
		9B07962C189A892F0026D489 /* RWSItemParser.h */ = {isa = PBXFileReference; fileEncoding = 4; lastKnownFileType = sourcecode.c.h; path = RWSItemParser.h; sourceTree = "<group>"; };
		9B07962D189A892F0026D489 /* RWSItemParser.m */ = {isa = PBXFileReference; fileEncoding = 4; lastKnownFileType = sourcecode.c.objc; path = RWSItemParser.m; sourceTree = "<group>"; };
		9B07962F189A8D2B0026D489 /* RWSItemParserTests.m */ = {isa = PBXFileReference; fileEncoding = 4; lastKnownFileType = sourcecode.c.objc; path = RWSItemParserTests.m; sourceTree = "<group>"; };
		9B079631189A90020026D489 /* NSLocale+RWSCurrency.h */ = {isa = PBXFileReference; fileEncoding = 4; lastKnownFileType = sourcecode.c.h; path = "NSLocale+RWSCurrency.h"; sourceTree = "<group>"; };
		9B079632189A90020026D489 /* NSLocale+RWSCurrency.m */ = {isa = PBXFileReference; fileEncoding = 4; lastKnownFileType = sourcecode.c.objc; path = "NSLocale+RWSCurrency.m"; sourceTree = "<group>"; };
		9B079634189A914B0026D489 /* RWSPriceFormatter.h */ = {isa = PBXFileReference; fileEncoding = 4; lastKnownFileType = sourcecode.c.h; path = RWSPriceFormatter.h; sourceTree = "<group>"; };
		9B079635189A914B0026D489 /* RWSPriceFormatter.m */ = {isa = PBXFileReference; fileEncoding = 4; lastKnownFileType = sourcecode.c.objc; path = RWSPriceFormatter.m; sourceTree = "<group>"; };
		9B079637189A9FDB0026D489 /* RWSPriceFormatterTests.m */ = {isa = PBXFileReference; fileEncoding = 4; lastKnownFileType = sourcecode.c.objc; path = RWSPriceFormatterTests.m; sourceTree = "<group>"; };
		9B0DECCF18970290007C80A6 /* RWSManagedProjectTests.m */ = {isa = PBXFileReference; fileEncoding = 4; lastKnownFileType = sourcecode.c.objc; path = RWSManagedProjectTests.m; sourceTree = "<group>"; };
		9B0DECD11897096B007C80A6 /* RWSProjectViewController.h */ = {isa = PBXFileReference; fileEncoding = 4; lastKnownFileType = sourcecode.c.h; path = RWSProjectViewController.h; sourceTree = "<group>"; };
		9B0DECD21897096B007C80A6 /* RWSProjectViewController.m */ = {isa = PBXFileReference; fileEncoding = 4; lastKnownFileType = sourcecode.c.objc; path = RWSProjectViewController.m; sourceTree = "<group>"; };
		9B466C4318A38503008AE3FF /* CurrencyToolbar.xib */ = {isa = PBXFileReference; fileEncoding = 4; lastKnownFileType = file.xib; path = CurrencyToolbar.xib; sourceTree = "<group>"; };
		9B466C4518A385F1008AE3FF /* RWSPriceInputManagerTests.m */ = {isa = PBXFileReference; fileEncoding = 4; lastKnownFileType = sourcecode.c.objc; path = RWSPriceInputManagerTests.m; sourceTree = "<group>"; };
		9B466C4718A385FE008AE3FF /* RWSPriceInputManager.h */ = {isa = PBXFileReference; fileEncoding = 4; lastKnownFileType = sourcecode.c.h; path = RWSPriceInputManager.h; sourceTree = "<group>"; };
		9B466C4818A385FE008AE3FF /* RWSPriceInputManager.m */ = {isa = PBXFileReference; fileEncoding = 4; lastKnownFileType = sourcecode.c.objc; path = RWSPriceInputManager.m; sourceTree = "<group>"; };
		9B5579DC18968370008E3C0A /* RWSProjectsSource.h */ = {isa = PBXFileReference; fileEncoding = 4; lastKnownFileType = sourcecode.c.h; path = RWSProjectsSource.h; sourceTree = "<group>"; };
		9B5579DD18968370008E3C0A /* RWSProjectsSource.m */ = {isa = PBXFileReference; fileEncoding = 4; lastKnownFileType = sourcecode.c.objc; path = RWSProjectsSource.m; sourceTree = "<group>"; };
		9B5579DF18969070008E3C0A /* RWSProject.h */ = {isa = PBXFileReference; lastKnownFileType = sourcecode.c.h; path = RWSProject.h; sourceTree = "<group>"; };
		9B5579E018969361008E3C0A /* RWSProjectCell.h */ = {isa = PBXFileReference; fileEncoding = 4; lastKnownFileType = sourcecode.c.h; path = RWSProjectCell.h; sourceTree = "<group>"; };
		9B5579E118969361008E3C0A /* RWSProjectCell.m */ = {isa = PBXFileReference; fileEncoding = 4; lastKnownFileType = sourcecode.c.objc; path = RWSProjectCell.m; sourceTree = "<group>"; };
		9B5579E31896977F008E3C0A /* RWSProjectSourceTests.m */ = {isa = PBXFileReference; fileEncoding = 4; lastKnownFileType = sourcecode.c.objc; path = RWSProjectSourceTests.m; sourceTree = "<group>"; };
		9B5579E51896989D008E3C0A /* RWSCoreDataController.h */ = {isa = PBXFileReference; fileEncoding = 4; lastKnownFileType = sourcecode.c.h; path = RWSCoreDataController.h; sourceTree = "<group>"; };
		9B5579E61896989D008E3C0A /* RWSCoreDataController.m */ = {isa = PBXFileReference; fileEncoding = 4; lastKnownFileType = sourcecode.c.objc; path = RWSCoreDataController.m; sourceTree = "<group>"; };
		9B5579E8189698BC008E3C0A /* RWSCoreDataControllerTests.m */ = {isa = PBXFileReference; fileEncoding = 4; lastKnownFileType = sourcecode.c.objc; path = RWSCoreDataControllerTests.m; sourceTree = "<group>"; };
		9B5579EA18969918008E3C0A /* CoreData.framework */ = {isa = PBXFileReference; lastKnownFileType = wrapper.framework; name = CoreData.framework; path = System/Library/Frameworks/CoreData.framework; sourceTree = SDKROOT; };
		9B5579ED189699BA008E3C0A /* Model.xcdatamodel */ = {isa = PBXFileReference; lastKnownFileType = wrapper.xcdatamodel; path = Model.xcdatamodel; sourceTree = "<group>"; };
		9B59DC801895AA27000530EF /* Storyboard.storyboard */ = {isa = PBXFileReference; fileEncoding = 4; lastKnownFileType = file.storyboard; path = Storyboard.storyboard; sourceTree = "<group>"; };
		9B59DC821895D1C6000530EF /* MapKit.framework */ = {isa = PBXFileReference; lastKnownFileType = wrapper.framework; name = MapKit.framework; path = System/Library/Frameworks/MapKit.framework; sourceTree = SDKROOT; };
		9B59DC841895D6BF000530EF /* RWSMapViewController.h */ = {isa = PBXFileReference; fileEncoding = 4; lastKnownFileType = sourcecode.c.h; path = RWSMapViewController.h; sourceTree = "<group>"; };
		9B59DC851895D6BF000530EF /* RWSMapViewController.m */ = {isa = PBXFileReference; fileEncoding = 4; lastKnownFileType = sourcecode.c.objc; path = RWSMapViewController.m; sourceTree = "<group>"; };
		9B7A6785189FA80C001E6629 /* RWSMapItemSource.h */ = {isa = PBXFileReference; lastKnownFileType = sourcecode.c.h; path = RWSMapItemSource.h; sourceTree = "<group>"; };
		9B7A6786189FABBE001E6629 /* RWSMapViewControllerTests.m */ = {isa = PBXFileReference; fileEncoding = 4; lastKnownFileType = sourcecode.c.objc; path = RWSMapViewControllerTests.m; sourceTree = "<group>"; };
		9B7A6788189FB131001E6629 /* RWSDumbItem.h */ = {isa = PBXFileReference; fileEncoding = 4; lastKnownFileType = sourcecode.c.h; path = RWSDumbItem.h; sourceTree = "<group>"; };
		9B7A6789189FB131001E6629 /* RWSDumbItem.m */ = {isa = PBXFileReference; fileEncoding = 4; lastKnownFileType = sourcecode.c.objc; path = RWSDumbItem.m; sourceTree = "<group>"; };
		9B88C853189CFA7400941A99 /* RWSLocationManager.h */ = {isa = PBXFileReference; fileEncoding = 4; lastKnownFileType = sourcecode.c.h; path = RWSLocationManager.h; sourceTree = "<group>"; };
		9B88C854189CFA7400941A99 /* RWSLocationManager.m */ = {isa = PBXFileReference; fileEncoding = 4; lastKnownFileType = sourcecode.c.objc; path = RWSLocationManager.m; sourceTree = "<group>"; };
		9B88C856189D02A500941A99 /* RWSLocationManagerTests.m */ = {isa = PBXFileReference; fileEncoding = 4; lastKnownFileType = sourcecode.c.objc; path = RWSLocationManagerTests.m; sourceTree = "<group>"; };
		9BD6B1441895A1CC006E02D0 /* Manifest.app */ = {isa = PBXFileReference; explicitFileType = wrapper.application; includeInIndex = 0; path = Manifest.app; sourceTree = BUILT_PRODUCTS_DIR; };
		9BD6B1471895A1CC006E02D0 /* Foundation.framework */ = {isa = PBXFileReference; lastKnownFileType = wrapper.framework; name = Foundation.framework; path = System/Library/Frameworks/Foundation.framework; sourceTree = SDKROOT; };
		9BD6B1491895A1CC006E02D0 /* CoreGraphics.framework */ = {isa = PBXFileReference; lastKnownFileType = wrapper.framework; name = CoreGraphics.framework; path = System/Library/Frameworks/CoreGraphics.framework; sourceTree = SDKROOT; };
		9BD6B14B1895A1CC006E02D0 /* UIKit.framework */ = {isa = PBXFileReference; lastKnownFileType = wrapper.framework; name = UIKit.framework; path = System/Library/Frameworks/UIKit.framework; sourceTree = SDKROOT; };
		9BD6B14F1895A1CC006E02D0 /* Manifest-Info.plist */ = {isa = PBXFileReference; lastKnownFileType = text.plist.xml; path = "Manifest-Info.plist"; sourceTree = "<group>"; };
		9BD6B1511895A1CC006E02D0 /* en */ = {isa = PBXFileReference; lastKnownFileType = text.plist.strings; name = en; path = en.lproj/InfoPlist.strings; sourceTree = "<group>"; };
		9BD6B1531895A1CC006E02D0 /* main.m */ = {isa = PBXFileReference; lastKnownFileType = sourcecode.c.objc; path = main.m; sourceTree = "<group>"; };
		9BD6B1551895A1CC006E02D0 /* Manifest-Prefix.pch */ = {isa = PBXFileReference; lastKnownFileType = sourcecode.c.h; path = "Manifest-Prefix.pch"; sourceTree = "<group>"; };
		9BD6B1561895A1CC006E02D0 /* RWSAppDelegate.h */ = {isa = PBXFileReference; lastKnownFileType = sourcecode.c.h; path = RWSAppDelegate.h; sourceTree = "<group>"; };
		9BD6B1571895A1CC006E02D0 /* RWSAppDelegate.m */ = {isa = PBXFileReference; lastKnownFileType = sourcecode.c.objc; path = RWSAppDelegate.m; sourceTree = "<group>"; };
		9BD6B1591895A1CC006E02D0 /* Images.xcassets */ = {isa = PBXFileReference; lastKnownFileType = folder.assetcatalog; path = Images.xcassets; sourceTree = "<group>"; };
		9BD6B15F1895A1CC006E02D0 /* ManifestTests.xctest */ = {isa = PBXFileReference; explicitFileType = wrapper.cfbundle; includeInIndex = 0; path = ManifestTests.xctest; sourceTree = BUILT_PRODUCTS_DIR; };
		9BD6B1601895A1CC006E02D0 /* XCTest.framework */ = {isa = PBXFileReference; lastKnownFileType = wrapper.framework; name = XCTest.framework; path = Library/Frameworks/XCTest.framework; sourceTree = DEVELOPER_DIR; };
		9BD6B1681895A1CC006E02D0 /* ManifestTests-Info.plist */ = {isa = PBXFileReference; lastKnownFileType = text.plist.xml; path = "ManifestTests-Info.plist"; sourceTree = "<group>"; };
		9BD6B16A1895A1CC006E02D0 /* en */ = {isa = PBXFileReference; lastKnownFileType = text.plist.strings; name = en; path = en.lproj/InfoPlist.strings; sourceTree = "<group>"; };
		9BD6B1761895A3A1006E02D0 /* RWSProjectsViewControllerTests.m */ = {isa = PBXFileReference; fileEncoding = 4; lastKnownFileType = sourcecode.c.objc; path = RWSProjectsViewControllerTests.m; sourceTree = "<group>"; };
		9BD6B1781895A4C4006E02D0 /* RWSProjectsViewController.h */ = {isa = PBXFileReference; fileEncoding = 4; lastKnownFileType = sourcecode.c.h; path = RWSProjectsViewController.h; sourceTree = "<group>"; };
		9BD6B1791895A4C4006E02D0 /* RWSProjectsViewController.m */ = {isa = PBXFileReference; fileEncoding = 4; lastKnownFileType = sourcecode.c.objc; path = RWSProjectsViewController.m; sourceTree = "<group>"; };
		9BDECA4818A64BE500CE7C3C /* RWSItemCell.h */ = {isa = PBXFileReference; fileEncoding = 4; lastKnownFileType = sourcecode.c.h; path = RWSItemCell.h; sourceTree = "<group>"; };
		9BDECA4918A64BE500CE7C3C /* RWSItemCell.m */ = {isa = PBXFileReference; fileEncoding = 4; lastKnownFileType = sourcecode.c.objc; path = RWSItemCell.m; sourceTree = "<group>"; };
		9BDECA4B18A6990900CE7C3C /* RWSReverseItemParserTests.m */ = {isa = PBXFileReference; fileEncoding = 4; lastKnownFileType = sourcecode.c.objc; path = RWSReverseItemParserTests.m; sourceTree = "<group>"; };
		9BDECA4D18A6994100CE7C3C /* RWSReverseItemParser.h */ = {isa = PBXFileReference; fileEncoding = 4; lastKnownFileType = sourcecode.c.h; path = RWSReverseItemParser.h; sourceTree = "<group>"; };
		9BDECA4E18A6994100CE7C3C /* RWSReverseItemParser.m */ = {isa = PBXFileReference; fileEncoding = 4; lastKnownFileType = sourcecode.c.objc; path = RWSReverseItemParser.m; sourceTree = "<group>"; };
		9BDED6001897CB0E006E8E5C /* RWSProjectViewControllerTests.m */ = {isa = PBXFileReference; fileEncoding = 4; lastKnownFileType = sourcecode.c.objc; path = RWSProjectViewControllerTests.m; sourceTree = "<group>"; };
		9BDED6021897D175006E8E5C /* _RWSManagedProject.h */ = {isa = PBXFileReference; fileEncoding = 4; lastKnownFileType = sourcecode.c.h; path = _RWSManagedProject.h; sourceTree = "<group>"; };
		9BDED6031897D175006E8E5C /* _RWSManagedProject.m */ = {isa = PBXFileReference; fileEncoding = 4; lastKnownFileType = sourcecode.c.objc; path = _RWSManagedProject.m; sourceTree = "<group>"; };
		9BDED6041897D175006E8E5C /* RWSManagedProject.h */ = {isa = PBXFileReference; fileEncoding = 4; lastKnownFileType = sourcecode.c.h; path = RWSManagedProject.h; sourceTree = "<group>"; };
		9BDED6051897D175006E8E5C /* RWSManagedProject.m */ = {isa = PBXFileReference; fileEncoding = 4; lastKnownFileType = sourcecode.c.objc; path = RWSManagedProject.m; sourceTree = "<group>"; };
		B071A218B5B14777A7815B25 /* Pods-ManifestTests.xcconfig */ = {isa = PBXFileReference; includeInIndex = 1; lastKnownFileType = text.xcconfig; name = "Pods-ManifestTests.xcconfig"; path = "Pods/Pods-ManifestTests.xcconfig"; sourceTree = "<group>"; };
/* End PBXFileReference section */

/* Begin PBXFrameworksBuildPhase section */
		9BD6B1411895A1CC006E02D0 /* Frameworks */ = {
			isa = PBXFrameworksBuildPhase;
			buildActionMask = 2147483647;
			files = (
				9B5579EB18969918008E3C0A /* CoreData.framework in Frameworks */,
				9B59DC831895D1C6000530EF /* MapKit.framework in Frameworks */,
				9BD6B14A1895A1CC006E02D0 /* CoreGraphics.framework in Frameworks */,
				9BD6B14C1895A1CC006E02D0 /* UIKit.framework in Frameworks */,
				9BD6B1481895A1CC006E02D0 /* Foundation.framework in Frameworks */,
				D0C0F52035EA4BE2B4BFC928 /* libPods-Manifest.a in Frameworks */,
			);
			runOnlyForDeploymentPostprocessing = 0;
		};
		9BD6B15C1895A1CC006E02D0 /* Frameworks */ = {
			isa = PBXFrameworksBuildPhase;
			buildActionMask = 2147483647;
			files = (
				9BD6B1611895A1CC006E02D0 /* XCTest.framework in Frameworks */,
				9BD6B1631895A1CC006E02D0 /* UIKit.framework in Frameworks */,
				9BD6B1621895A1CC006E02D0 /* Foundation.framework in Frameworks */,
				745C2B8D6429406091C897BB /* libPods-ManifestTests.a in Frameworks */,
			);
			runOnlyForDeploymentPostprocessing = 0;
		};
/* End PBXFrameworksBuildPhase section */

/* Begin PBXGroup section */
		9BD6B13B1895A1CC006E02D0 = {
			isa = PBXGroup;
			children = (
				9BD6B14D1895A1CC006E02D0 /* Manifest */,
				9BD6B1661895A1CC006E02D0 /* ManifestTests */,
				9BD6B1461895A1CC006E02D0 /* Frameworks */,
				9BD6B1451895A1CC006E02D0 /* Products */,
				B071A218B5B14777A7815B25 /* Pods-ManifestTests.xcconfig */,
				6409BA987A694FB984033F6F /* Pods-Manifest.xcconfig */,
			);
			sourceTree = "<group>";
		};
		9BD6B1451895A1CC006E02D0 /* Products */ = {
			isa = PBXGroup;
			children = (
				9BD6B1441895A1CC006E02D0 /* Manifest.app */,
				9BD6B15F1895A1CC006E02D0 /* ManifestTests.xctest */,
			);
			name = Products;
			sourceTree = "<group>";
		};
		9BD6B1461895A1CC006E02D0 /* Frameworks */ = {
			isa = PBXGroup;
			children = (
				9B5579EA18969918008E3C0A /* CoreData.framework */,
				9B59DC821895D1C6000530EF /* MapKit.framework */,
				9BD6B1471895A1CC006E02D0 /* Foundation.framework */,
				9BD6B1491895A1CC006E02D0 /* CoreGraphics.framework */,
				9BD6B14B1895A1CC006E02D0 /* UIKit.framework */,
				9BD6B1601895A1CC006E02D0 /* XCTest.framework */,
				05B08DA3CF7546009324F2B4 /* libPods-ManifestTests.a */,
				0FD53355709849A0876261FA /* libPods-Manifest.a */,
			);
			name = Frameworks;
			sourceTree = "<group>";
		};
		9BD6B14D1895A1CC006E02D0 /* Manifest */ = {
			isa = PBXGroup;
			children = (
				9B079624189A59B20026D489 /* _RWSManagedItem.h */,
				9B079625189A59B20026D489 /* _RWSManagedItem.m */,
				9B079626189A59B20026D489 /* RWSManagedItem.h */,
				9B079627189A59B20026D489 /* RWSManagedItem.m */,
				9BDED6021897D175006E8E5C /* _RWSManagedProject.h */,
				9BDED6031897D175006E8E5C /* _RWSManagedProject.m */,
				9BDED6041897D175006E8E5C /* RWSManagedProject.h */,
				9BDED6051897D175006E8E5C /* RWSManagedProject.m */,
				9B5579DF18969070008E3C0A /* RWSProject.h */,
				9B7A6785189FA80C001E6629 /* RWSMapItemSource.h */,
				9BD6B1561895A1CC006E02D0 /* RWSAppDelegate.h */,
				9BD6B1571895A1CC006E02D0 /* RWSAppDelegate.m */,
				9BD6B1781895A4C4006E02D0 /* RWSProjectsViewController.h */,
				9BD6B1791895A4C4006E02D0 /* RWSProjectsViewController.m */,
				9B5579DC18968370008E3C0A /* RWSProjectsSource.h */,
				9B5579DD18968370008E3C0A /* RWSProjectsSource.m */,
				9B5579E018969361008E3C0A /* RWSProjectCell.h */,
				9B5579E118969361008E3C0A /* RWSProjectCell.m */,
				9B0DECD11897096B007C80A6 /* RWSProjectViewController.h */,
				9B0DECD21897096B007C80A6 /* RWSProjectViewController.m */,
				9B5579E51896989D008E3C0A /* RWSCoreDataController.h */,
				9B5579E61896989D008E3C0A /* RWSCoreDataController.m */,
				9B079621189A57E40026D489 /* RWSNewItemViewController.h */,
				9B079622189A57E40026D489 /* RWSNewItemViewController.m */,
				9B07962C189A892F0026D489 /* RWSItemParser.h */,
				9B07962D189A892F0026D489 /* RWSItemParser.m */,
				9B079631189A90020026D489 /* NSLocale+RWSCurrency.h */,
				9B079632189A90020026D489 /* NSLocale+RWSCurrency.m */,
				9B079634189A914B0026D489 /* RWSPriceFormatter.h */,
				9B079635189A914B0026D489 /* RWSPriceFormatter.m */,
				9B88C853189CFA7400941A99 /* RWSLocationManager.h */,
				9B88C854189CFA7400941A99 /* RWSLocationManager.m */,
				9B59DC841895D6BF000530EF /* RWSMapViewController.h */,
				9B59DC851895D6BF000530EF /* RWSMapViewController.m */,
				9B7A6788189FB131001E6629 /* RWSDumbItem.h */,
				9B7A6789189FB131001E6629 /* RWSDumbItem.m */,
				9B59DC801895AA27000530EF /* Storyboard.storyboard */,
				9BD6B14E1895A1CC006E02D0 /* Supporting Files */,
				9B466C4318A38503008AE3FF /* CurrencyToolbar.xib */,
				9B466C4718A385FE008AE3FF /* RWSPriceInputManager.h */,
				9B466C4818A385FE008AE3FF /* RWSPriceInputManager.m */,
				9BDECA4818A64BE500CE7C3C /* RWSItemCell.h */,
				9BDECA4918A64BE500CE7C3C /* RWSItemCell.m */,
				9BDECA4D18A6994100CE7C3C /* RWSReverseItemParser.h */,
				9BDECA4E18A6994100CE7C3C /* RWSReverseItemParser.m */,
			);
			path = Manifest;
			sourceTree = "<group>";
		};
		9BD6B14E1895A1CC006E02D0 /* Supporting Files */ = {
			isa = PBXGroup;
			children = (
				9BD6B1591895A1CC006E02D0 /* Images.xcassets */,
				9BD6B14F1895A1CC006E02D0 /* Manifest-Info.plist */,
				9BD6B1501895A1CC006E02D0 /* InfoPlist.strings */,
				9BD6B1531895A1CC006E02D0 /* main.m */,
				9BD6B1551895A1CC006E02D0 /* Manifest-Prefix.pch */,
				9B5579EC189699BA008E3C0A /* Model.xcdatamodeld */,
			);
			name = "Supporting Files";
			sourceTree = "<group>";
		};
		9BD6B1661895A1CC006E02D0 /* ManifestTests */ = {
			isa = PBXGroup;
			children = (
				9BD6B1671895A1CC006E02D0 /* Supporting Files */,
				9BD6B1761895A3A1006E02D0 /* RWSProjectsViewControllerTests.m */,
				9B5579E31896977F008E3C0A /* RWSProjectSourceTests.m */,
				9B5579E8189698BC008E3C0A /* RWSCoreDataControllerTests.m */,
				9B0DECCF18970290007C80A6 /* RWSManagedProjectTests.m */,
				9BDED6001897CB0E006E8E5C /* RWSProjectViewControllerTests.m */,
				9B07962A189A86600026D489 /* RWSNewItemViewControllerTests.m */,
				9B07962F189A8D2B0026D489 /* RWSItemParserTests.m */,
				9B079637189A9FDB0026D489 /* RWSPriceFormatterTests.m */,
				9B88C856189D02A500941A99 /* RWSLocationManagerTests.m */,
				9B7A6786189FABBE001E6629 /* RWSMapViewControllerTests.m */,
				9B466C4518A385F1008AE3FF /* RWSPriceInputManagerTests.m */,
				9BDECA4B18A6990900CE7C3C /* RWSReverseItemParserTests.m */,
			);
			path = ManifestTests;
			sourceTree = "<group>";
		};
		9BD6B1671895A1CC006E02D0 /* Supporting Files */ = {
			isa = PBXGroup;
			children = (
				9BD6B1681895A1CC006E02D0 /* ManifestTests-Info.plist */,
				9BD6B1691895A1CC006E02D0 /* InfoPlist.strings */,
			);
			name = "Supporting Files";
			sourceTree = "<group>";
		};
/* End PBXGroup section */

/* Begin PBXNativeTarget section */
		9BD6B1431895A1CC006E02D0 /* Manifest */ = {
			isa = PBXNativeTarget;
			buildConfigurationList = 9BD6B1701895A1CC006E02D0 /* Build configuration list for PBXNativeTarget "Manifest" */;
			buildPhases = (
				DD44227FAE2447B1B139D979 /* Check Pods Manifest.lock */,
				9BD6B1401895A1CC006E02D0 /* Sources */,
				9BD6B1411895A1CC006E02D0 /* Frameworks */,
				9BD6B1421895A1CC006E02D0 /* Resources */,
				12FC78BBD76949CA83D47BEB /* Copy Pods Resources */,
			);
			buildRules = (
			);
			dependencies = (
			);
			name = Manifest;
			productName = Manifest;
			productReference = 9BD6B1441895A1CC006E02D0 /* Manifest.app */;
			productType = "com.apple.product-type.application";
		};
		9BD6B15E1895A1CC006E02D0 /* ManifestTests */ = {
			isa = PBXNativeTarget;
			buildConfigurationList = 9BD6B1731895A1CC006E02D0 /* Build configuration list for PBXNativeTarget "ManifestTests" */;
			buildPhases = (
				2EE77E59B80149DFAEB2D8C4 /* Check Pods Manifest.lock */,
				9BD6B15B1895A1CC006E02D0 /* Sources */,
				9BD6B15C1895A1CC006E02D0 /* Frameworks */,
				9BD6B15D1895A1CC006E02D0 /* Resources */,
				B560E261DAA94A9BAB36C387 /* Copy Pods Resources */,
			);
			buildRules = (
			);
			dependencies = (
				9BD6B1651895A1CC006E02D0 /* PBXTargetDependency */,
			);
			name = ManifestTests;
			productName = ManifestTests;
			productReference = 9BD6B15F1895A1CC006E02D0 /* ManifestTests.xctest */;
			productType = "com.apple.product-type.bundle.unit-test";
		};
/* End PBXNativeTarget section */

/* Begin PBXProject section */
		9BD6B13C1895A1CC006E02D0 /* Project object */ = {
			isa = PBXProject;
			attributes = {
				CLASSPREFIX = RWS;
				LastUpgradeCheck = 0510;
				ORGANIZATIONNAME = "Roundwall Software";
				TargetAttributes = {
					9BD6B1431895A1CC006E02D0 = {
						DevelopmentTeam = SYSB7DM9AH;
					};
					9BD6B15E1895A1CC006E02D0 = {
						TestTargetID = 9BD6B1431895A1CC006E02D0;
					};
				};
			};
			buildConfigurationList = 9BD6B13F1895A1CC006E02D0 /* Build configuration list for PBXProject "Manifest" */;
			compatibilityVersion = "Xcode 3.2";
			developmentRegion = English;
			hasScannedForEncodings = 0;
			knownRegions = (
				en,
			);
			mainGroup = 9BD6B13B1895A1CC006E02D0;
			productRefGroup = 9BD6B1451895A1CC006E02D0 /* Products */;
			projectDirPath = "";
			projectRoot = "";
			targets = (
				9BD6B1431895A1CC006E02D0 /* Manifest */,
				9BD6B15E1895A1CC006E02D0 /* ManifestTests */,
			);
		};
/* End PBXProject section */

/* Begin PBXResourcesBuildPhase section */
		9BD6B1421895A1CC006E02D0 /* Resources */ = {
			isa = PBXResourcesBuildPhase;
			buildActionMask = 2147483647;
			files = (
				9BD6B1521895A1CC006E02D0 /* InfoPlist.strings in Resources */,
				9BD6B15A1895A1CC006E02D0 /* Images.xcassets in Resources */,
				9B466C4418A38503008AE3FF /* CurrencyToolbar.xib in Resources */,
				9B59DC811895AA27000530EF /* Storyboard.storyboard in Resources */,
			);
			runOnlyForDeploymentPostprocessing = 0;
		};
		9BD6B15D1895A1CC006E02D0 /* Resources */ = {
			isa = PBXResourcesBuildPhase;
			buildActionMask = 2147483647;
			files = (
				9BD6B16B1895A1CC006E02D0 /* InfoPlist.strings in Resources */,
			);
			runOnlyForDeploymentPostprocessing = 0;
		};
/* End PBXResourcesBuildPhase section */

/* Begin PBXShellScriptBuildPhase section */
		12FC78BBD76949CA83D47BEB /* Copy Pods Resources */ = {
			isa = PBXShellScriptBuildPhase;
			buildActionMask = 2147483647;
			files = (
			);
			inputPaths = (
			);
			name = "Copy Pods Resources";
			outputPaths = (
			);
			runOnlyForDeploymentPostprocessing = 0;
			shellPath = /bin/sh;
			shellScript = "\"${SRCROOT}/Pods/Pods-Manifest-resources.sh\"\n";
			showEnvVarsInLog = 0;
		};
		2EE77E59B80149DFAEB2D8C4 /* Check Pods Manifest.lock */ = {
			isa = PBXShellScriptBuildPhase;
			buildActionMask = 2147483647;
			files = (
			);
			inputPaths = (
			);
			name = "Check Pods Manifest.lock";
			outputPaths = (
			);
			runOnlyForDeploymentPostprocessing = 0;
			shellPath = /bin/sh;
			shellScript = "diff \"${PODS_ROOT}/../Podfile.lock\" \"${PODS_ROOT}/Manifest.lock\" > /dev/null\nif [[ $? != 0 ]] ; then\n    cat << EOM\nerror: The sandbox is not in sync with the Podfile.lock. Run 'pod install' or update your CocoaPods installation.\nEOM\n    exit 1\nfi\n";
			showEnvVarsInLog = 0;
		};
		B560E261DAA94A9BAB36C387 /* Copy Pods Resources */ = {
			isa = PBXShellScriptBuildPhase;
			buildActionMask = 2147483647;
			files = (
			);
			inputPaths = (
			);
			name = "Copy Pods Resources";
			outputPaths = (
			);
			runOnlyForDeploymentPostprocessing = 0;
			shellPath = /bin/sh;
			shellScript = "\"${SRCROOT}/Pods/Pods-ManifestTests-resources.sh\"\n";
			showEnvVarsInLog = 0;
		};
		DD44227FAE2447B1B139D979 /* Check Pods Manifest.lock */ = {
			isa = PBXShellScriptBuildPhase;
			buildActionMask = 2147483647;
			files = (
			);
			inputPaths = (
			);
			name = "Check Pods Manifest.lock";
			outputPaths = (
			);
			runOnlyForDeploymentPostprocessing = 0;
			shellPath = /bin/sh;
			shellScript = "diff \"${PODS_ROOT}/../Podfile.lock\" \"${PODS_ROOT}/Manifest.lock\" > /dev/null\nif [[ $? != 0 ]] ; then\n    cat << EOM\nerror: The sandbox is not in sync with the Podfile.lock. Run 'pod install' or update your CocoaPods installation.\nEOM\n    exit 1\nfi\n";
			showEnvVarsInLog = 0;
		};
/* End PBXShellScriptBuildPhase section */

/* Begin PBXSourcesBuildPhase section */
		9BD6B1401895A1CC006E02D0 /* Sources */ = {
			isa = PBXSourcesBuildPhase;
			buildActionMask = 2147483647;
			files = (
				9B5579E218969361008E3C0A /* RWSProjectCell.m in Sources */,
				9BD6B1541895A1CC006E02D0 /* main.m in Sources */,
				9B59DC861895D6BF000530EF /* RWSMapViewController.m in Sources */,
				9BDECA4F18A6994100CE7C3C /* RWSReverseItemParser.m in Sources */,
				9B5579EE189699BA008E3C0A /* Model.xcdatamodeld in Sources */,
				9B079636189A914B0026D489 /* RWSPriceFormatter.m in Sources */,
				9B88C855189CFA7400941A99 /* RWSLocationManager.m in Sources */,
				9BDECA4A18A64BE500CE7C3C /* RWSItemCell.m in Sources */,
				9B079633189A90020026D489 /* NSLocale+RWSCurrency.m in Sources */,
				9B466C4918A385FE008AE3FF /* RWSPriceInputManager.m in Sources */,
				9B5579E71896989D008E3C0A /* RWSCoreDataController.m in Sources */,
				9B079629189A59B20026D489 /* RWSManagedItem.m in Sources */,
				9BDED6071897D175006E8E5C /* RWSManagedProject.m in Sources */,
				9B5579DE18968370008E3C0A /* RWSProjectsSource.m in Sources */,
				9B079628189A59B20026D489 /* _RWSManagedItem.m in Sources */,
				9BD6B17A1895A4C4006E02D0 /* RWSProjectsViewController.m in Sources */,
				9BDED6061897D175006E8E5C /* _RWSManagedProject.m in Sources */,
				9B07962E189A892F0026D489 /* RWSItemParser.m in Sources */,
				9B079623189A57E40026D489 /* RWSNewItemViewController.m in Sources */,
				9B7A678A189FB131001E6629 /* RWSDumbItem.m in Sources */,
				9B0DECD31897096B007C80A6 /* RWSProjectViewController.m in Sources */,
				9BD6B1581895A1CC006E02D0 /* RWSAppDelegate.m in Sources */,
			);
			runOnlyForDeploymentPostprocessing = 0;
		};
		9BD6B15B1895A1CC006E02D0 /* Sources */ = {
			isa = PBXSourcesBuildPhase;
			buildActionMask = 2147483647;
			files = (
				9B7A6787189FABBE001E6629 /* RWSMapViewControllerTests.m in Sources */,
				9B0DECD018970290007C80A6 /* RWSManagedProjectTests.m in Sources */,
				9B466C4618A385F1008AE3FF /* RWSPriceInputManagerTests.m in Sources */,
				9B079638189A9FDB0026D489 /* RWSPriceFormatterTests.m in Sources */,
				9B5579E9189698BC008E3C0A /* RWSCoreDataControllerTests.m in Sources */,
				9BDECA4C18A6990900CE7C3C /* RWSReverseItemParserTests.m in Sources */,
				9BDED6011897CB0E006E8E5C /* RWSProjectViewControllerTests.m in Sources */,
				9B07962B189A86600026D489 /* RWSNewItemViewControllerTests.m in Sources */,
				9B079630189A8D2B0026D489 /* RWSItemParserTests.m in Sources */,
				9BD6B1771895A3A1006E02D0 /* RWSProjectsViewControllerTests.m in Sources */,
				9B88C857189D02A500941A99 /* RWSLocationManagerTests.m in Sources */,
				9B5579E41896977F008E3C0A /* RWSProjectSourceTests.m in Sources */,
			);
			runOnlyForDeploymentPostprocessing = 0;
		};
/* End PBXSourcesBuildPhase section */

/* Begin PBXTargetDependency section */
		9BD6B1651895A1CC006E02D0 /* PBXTargetDependency */ = {
			isa = PBXTargetDependency;
			target = 9BD6B1431895A1CC006E02D0 /* Manifest */;
			targetProxy = 9BD6B1641895A1CC006E02D0 /* PBXContainerItemProxy */;
		};
/* End PBXTargetDependency section */

/* Begin PBXVariantGroup section */
		9BD6B1501895A1CC006E02D0 /* InfoPlist.strings */ = {
			isa = PBXVariantGroup;
			children = (
				9BD6B1511895A1CC006E02D0 /* en */,
			);
			name = InfoPlist.strings;
			sourceTree = "<group>";
		};
		9BD6B1691895A1CC006E02D0 /* InfoPlist.strings */ = {
			isa = PBXVariantGroup;
			children = (
				9BD6B16A1895A1CC006E02D0 /* en */,
			);
			name = InfoPlist.strings;
			sourceTree = "<group>";
		};
/* End PBXVariantGroup section */

/* Begin XCBuildConfiguration section */
		9BD6B16E1895A1CC006E02D0 /* Debug */ = {
			isa = XCBuildConfiguration;
			buildSettings = {
				ALWAYS_SEARCH_USER_PATHS = NO;
				ARCHS = "$(ARCHS_STANDARD)";
				CLANG_CXX_LANGUAGE_STANDARD = "gnu++0x";
				CLANG_CXX_LIBRARY = "libc++";
				CLANG_ENABLE_MODULES = YES;
				CLANG_ENABLE_OBJC_ARC = YES;
				CLANG_WARN_BOOL_CONVERSION = YES;
				CLANG_WARN_CONSTANT_CONVERSION = YES;
				CLANG_WARN_DIRECT_OBJC_ISA_USAGE = YES_ERROR;
				CLANG_WARN_EMPTY_BODY = YES;
				CLANG_WARN_ENUM_CONVERSION = YES;
				CLANG_WARN_INT_CONVERSION = YES;
				CLANG_WARN_OBJC_ROOT_CLASS = YES_ERROR;
				CLANG_WARN__DUPLICATE_METHOD_MATCH = YES;
				"CODE_SIGN_IDENTITY[sdk=iphoneos*]" = "iPhone Developer";
				COPY_PHASE_STRIP = NO;
				GCC_C_LANGUAGE_STANDARD = gnu99;
				GCC_DYNAMIC_NO_PIC = NO;
				GCC_OPTIMIZATION_LEVEL = 0;
				GCC_PREPROCESSOR_DEFINITIONS = (
					"DEBUG=1",
					"$(inherited)",
				);
				GCC_SYMBOLS_PRIVATE_EXTERN = NO;
				GCC_WARN_64_TO_32_BIT_CONVERSION = YES;
				GCC_WARN_ABOUT_RETURN_TYPE = YES_ERROR;
				GCC_WARN_UNDECLARED_SELECTOR = YES;
				GCC_WARN_UNINITIALIZED_AUTOS = YES_AGGRESSIVE;
				GCC_WARN_UNUSED_FUNCTION = YES;
				GCC_WARN_UNUSED_VARIABLE = YES;
				GENERATE_PROFILING_CODE = YES;
				IPHONEOS_DEPLOYMENT_TARGET = 7.1;
				ONLY_ACTIVE_ARCH = YES;
				RUN_CLANG_STATIC_ANALYZER = YES;
				SDKROOT = iphoneos;
			};
			name = Debug;
		};
		9BD6B16F1895A1CC006E02D0 /* Release */ = {
			isa = XCBuildConfiguration;
			buildSettings = {
				ALWAYS_SEARCH_USER_PATHS = NO;
				ARCHS = "$(ARCHS_STANDARD)";
				CLANG_CXX_LANGUAGE_STANDARD = "gnu++0x";
				CLANG_CXX_LIBRARY = "libc++";
				CLANG_ENABLE_MODULES = YES;
				CLANG_ENABLE_OBJC_ARC = YES;
				CLANG_WARN_BOOL_CONVERSION = YES;
				CLANG_WARN_CONSTANT_CONVERSION = YES;
				CLANG_WARN_DIRECT_OBJC_ISA_USAGE = YES_ERROR;
				CLANG_WARN_EMPTY_BODY = YES;
				CLANG_WARN_ENUM_CONVERSION = YES;
				CLANG_WARN_INT_CONVERSION = YES;
				CLANG_WARN_OBJC_ROOT_CLASS = YES_ERROR;
				CLANG_WARN__DUPLICATE_METHOD_MATCH = YES;
				"CODE_SIGN_IDENTITY[sdk=iphoneos*]" = "iPhone Developer";
				COPY_PHASE_STRIP = YES;
				ENABLE_NS_ASSERTIONS = NO;
				GCC_C_LANGUAGE_STANDARD = gnu99;
				GCC_WARN_64_TO_32_BIT_CONVERSION = YES;
				GCC_WARN_ABOUT_RETURN_TYPE = YES_ERROR;
				GCC_WARN_UNDECLARED_SELECTOR = YES;
				GCC_WARN_UNINITIALIZED_AUTOS = YES_AGGRESSIVE;
				GCC_WARN_UNUSED_FUNCTION = YES;
				GCC_WARN_UNUSED_VARIABLE = YES;
				GENERATE_PROFILING_CODE = YES;
				IPHONEOS_DEPLOYMENT_TARGET = 7.1;
				RUN_CLANG_STATIC_ANALYZER = YES;
				SDKROOT = iphoneos;
				VALIDATE_PRODUCT = YES;
			};
			name = Release;
		};
		9BD6B1711895A1CC006E02D0 /* Debug */ = {
			isa = XCBuildConfiguration;
			baseConfigurationReference = 6409BA987A694FB984033F6F /* Pods-Manifest.xcconfig */;
			buildSettings = {
				ASSETCATALOG_COMPILER_APPICON_NAME = AppIcon;
				ASSETCATALOG_COMPILER_LAUNCHIMAGE_NAME = LaunchImage;
				CLANG_ANALYZER_SECURITY_INSECUREAPI_RAND = YES;
				CLANG_STATIC_ANALYZER_MODE = deep;
				CLANG_WARN_DEPRECATED_OBJC_IMPLEMENTATIONS = YES;
				CLANG_WARN_OBJC_IMPLICIT_RETAIN_SELF = YES;
				CLANG_WARN_OBJC_REPEATED_USE_OF_WEAK = YES;
				CLANG_WARN_SUSPICIOUS_IMPLICIT_CONVERSION = NO;
				CODE_SIGN_IDENTITY = "iPhone Developer";
				GCC_GENERATE_TEST_COVERAGE_FILES = YES;
				GCC_PRECOMPILE_PREFIX_HEADER = YES;
				GCC_PREFIX_HEADER = "Manifest/Manifest-Prefix.pch";
				GCC_TREAT_WARNINGS_AS_ERRORS = YES;
				"GCC_WARN_64_TO_32_BIT_CONVERSION[arch=*]" = YES;
				GCC_WARN_ABOUT_MISSING_FIELD_INITIALIZERS = YES;
				GCC_WARN_ABOUT_MISSING_NEWLINE = YES;
				GCC_WARN_ABOUT_MISSING_PROTOTYPES = YES;
				GCC_WARN_FOUR_CHARACTER_CONSTANTS = YES;
				GCC_WARN_INITIALIZER_NOT_FULLY_BRACKETED = YES;
				GCC_WARN_SHADOW = YES;
				INFOPLIST_FILE = "Manifest/Manifest-Info.plist";
				IPHONEOS_DEPLOYMENT_TARGET = 7.0;
				PRODUCT_NAME = "$(TARGET_NAME)";
				RUN_CLANG_STATIC_ANALYZER = YES;
				WRAPPER_EXTENSION = app;
			};
			name = Debug;
		};
		9BD6B1721895A1CC006E02D0 /* Release */ = {
			isa = XCBuildConfiguration;
			baseConfigurationReference = 6409BA987A694FB984033F6F /* Pods-Manifest.xcconfig */;
			buildSettings = {
				ASSETCATALOG_COMPILER_APPICON_NAME = AppIcon;
				ASSETCATALOG_COMPILER_LAUNCHIMAGE_NAME = LaunchImage;
				CLANG_ANALYZER_SECURITY_INSECUREAPI_RAND = YES;
				CLANG_STATIC_ANALYZER_MODE = deep;
				CLANG_WARN_DEPRECATED_OBJC_IMPLEMENTATIONS = YES;
				CLANG_WARN_OBJC_IMPLICIT_RETAIN_SELF = YES;
				CLANG_WARN_OBJC_REPEATED_USE_OF_WEAK = YES;
				CLANG_WARN_SUSPICIOUS_IMPLICIT_CONVERSION = NO;
				CODE_SIGN_IDENTITY = "iPhone Developer";
				GCC_GENERATE_TEST_COVERAGE_FILES = YES;
				GCC_PRECOMPILE_PREFIX_HEADER = YES;
				GCC_PREFIX_HEADER = "Manifest/Manifest-Prefix.pch";
				GCC_TREAT_WARNINGS_AS_ERRORS = YES;
				GCC_WARN_ABOUT_MISSING_FIELD_INITIALIZERS = YES;
				GCC_WARN_ABOUT_MISSING_NEWLINE = YES;
				GCC_WARN_ABOUT_MISSING_PROTOTYPES = YES;
				GCC_WARN_FOUR_CHARACTER_CONSTANTS = YES;
				GCC_WARN_INITIALIZER_NOT_FULLY_BRACKETED = YES;
				GCC_WARN_SHADOW = YES;
				INFOPLIST_FILE = "Manifest/Manifest-Info.plist";
				IPHONEOS_DEPLOYMENT_TARGET = 7.0;
				PRODUCT_NAME = "$(TARGET_NAME)";
				RUN_CLANG_STATIC_ANALYZER = YES;
				WRAPPER_EXTENSION = app;
			};
			name = Release;
		};
		9BD6B1741895A1CC006E02D0 /* Debug */ = {
			isa = XCBuildConfiguration;
			baseConfigurationReference = B071A218B5B14777A7815B25 /* Pods-ManifestTests.xcconfig */;
			buildSettings = {
				ARCHS = "$(ARCHS_STANDARD_INCLUDING_64_BIT)";
				BUNDLE_LOADER = "$(BUILT_PRODUCTS_DIR)/Manifest.app/Manifest";
				FRAMEWORK_SEARCH_PATHS = (
					"$(SDKROOT)/Developer/Library/Frameworks",
					"$(inherited)",
					"$(DEVELOPER_FRAMEWORKS_DIR)",
					"$(PROJECT_DIR)",
				);
				GCC_PRECOMPILE_PREFIX_HEADER = YES;
				GCC_PREFIX_HEADER = "Manifest/Manifest-Prefix.pch";
				GCC_PREPROCESSOR_DEFINITIONS = "$(inherited)";
				INFOPLIST_FILE = "ManifestTests/ManifestTests-Info.plist";
				PRODUCT_NAME = "$(TARGET_NAME)";
				RUN_CLANG_STATIC_ANALYZER = YES;
				TEST_HOST = "$(BUNDLE_LOADER)";
				WRAPPER_EXTENSION = xctest;
			};
			name = Debug;
		};
		9BD6B1751895A1CC006E02D0 /* Release */ = {
			isa = XCBuildConfiguration;
			baseConfigurationReference = B071A218B5B14777A7815B25 /* Pods-ManifestTests.xcconfig */;
			buildSettings = {
				ARCHS = "$(ARCHS_STANDARD_INCLUDING_64_BIT)";
				BUNDLE_LOADER = "$(BUILT_PRODUCTS_DIR)/Manifest.app/Manifest";
				FRAMEWORK_SEARCH_PATHS = (
					"$(SDKROOT)/Developer/Library/Frameworks",
					"$(inherited)",
					"$(DEVELOPER_FRAMEWORKS_DIR)",
					"$(PROJECT_DIR)",
				);
				GCC_PRECOMPILE_PREFIX_HEADER = YES;
				GCC_PREFIX_HEADER = "Manifest/Manifest-Prefix.pch";
				INFOPLIST_FILE = "ManifestTests/ManifestTests-Info.plist";
				PRODUCT_NAME = "$(TARGET_NAME)";
				RUN_CLANG_STATIC_ANALYZER = YES;
				TEST_HOST = "$(BUNDLE_LOADER)";
				WRAPPER_EXTENSION = xctest;
			};
			name = Release;
		};
/* End XCBuildConfiguration section */

/* Begin XCConfigurationList section */
		9BD6B13F1895A1CC006E02D0 /* Build configuration list for PBXProject "Manifest" */ = {
			isa = XCConfigurationList;
			buildConfigurations = (
				9BD6B16E1895A1CC006E02D0 /* Debug */,
				9BD6B16F1895A1CC006E02D0 /* Release */,
			);
			defaultConfigurationIsVisible = 0;
			defaultConfigurationName = Release;
		};
		9BD6B1701895A1CC006E02D0 /* Build configuration list for PBXNativeTarget "Manifest" */ = {
			isa = XCConfigurationList;
			buildConfigurations = (
				9BD6B1711895A1CC006E02D0 /* Debug */,
				9BD6B1721895A1CC006E02D0 /* Release */,
			);
			defaultConfigurationIsVisible = 0;
			defaultConfigurationName = Release;
		};
		9BD6B1731895A1CC006E02D0 /* Build configuration list for PBXNativeTarget "ManifestTests" */ = {
			isa = XCConfigurationList;
			buildConfigurations = (
				9BD6B1741895A1CC006E02D0 /* Debug */,
				9BD6B1751895A1CC006E02D0 /* Release */,
			);
			defaultConfigurationIsVisible = 0;
			defaultConfigurationName = Release;
		};
/* End XCConfigurationList section */

/* Begin XCVersionGroup section */
		9B5579EC189699BA008E3C0A /* Model.xcdatamodeld */ = {
			isa = XCVersionGroup;
			children = (
				9B5579ED189699BA008E3C0A /* Model.xcdatamodel */,
			);
			currentVersion = 9B5579ED189699BA008E3C0A /* Model.xcdatamodel */;
			path = Model.xcdatamodeld;
			sourceTree = "<group>";
			versionGroupType = wrapper.xcdatamodel;
		};
/* End XCVersionGroup section */
	};
	rootObject = 9BD6B13C1895A1CC006E02D0 /* Project object */;
}
